
Microsoft Visual Studio Solution File, Format Version 12.00
# Visual Studio 14
VisualStudioVersion = 14.0.25420.1
MinimumVisualStudioVersion = 10.0.40219.1
Project("{FAE04EC0-301F-11D3-BF4B-00C04F79EFBC}") = "ActiveMqBus", "ActiveMqBus\ActiveMqBus.csproj", "{E39A7948-1071-460C-8605-5E4882461558}"
EndProject
Project("{FAE04EC0-301F-11D3-BF4B-00C04F79EFBC}") = "ActiveMq", "ActiveMq\ActiveMq.csproj", "{0E9C42C5-5F1A-4414-A807-B2BDC21B629E}"
EndProject
Project("{FAE04EC0-301F-11D3-BF4B-00C04F79EFBC}") = "ActiveMqProducerDemo", "ActiveMqProducerDemo\ActiveMqProducerDemo.csproj", "{07455F3D-55C6-4413-8050-FA2B7C9BDC2E}"
EndProject
Project("{FAE04EC0-301F-11D3-BF4B-00C04F79EFBC}") = "ActiveMqConsumerDemo", "ActiveMqConsumerDemo\ActiveMqConsumerDemo.csproj", "{1939E0BB-424C-4FF0-8A47-D3E432227E4B}"
EndProject
Global
	GlobalSection(SolutionConfigurationPlatforms) = preSolution
		Debug|Any CPU = Debug|Any CPU
		Release|Any CPU = Release|Any CPU
	EndGlobalSection
	GlobalSection(ProjectConfigurationPlatforms) = postSolution
		{E39A7948-1071-460C-8605-5E4882461558}.Debug|Any CPU.ActiveCfg = Debug|Any CPU
		{E39A7948-1071-460C-8605-5E4882461558}.Debug|Any CPU.Build.0 = Debug|Any CPU
		{E39A7948-1071-460C-8605-5E4882461558}.Release|Any CPU.ActiveCfg = Release|Any CPU
		{E39A7948-1071-460C-8605-5E4882461558}.Release|Any CPU.Build.0 = Release|Any CPU
		{0E9C42C5-5F1A-4414-A807-B2BDC21B629E}.Debug|Any CPU.ActiveCfg = Debug|Any CPU
		{0E9C42C5-5F1A-4414-A807-B2BDC21B629E}.Debug|Any CPU.Build.0 = Debug|Any CPU
		{0E9C42C5-5F1A-4414-A807-B2BDC21B629E}.Release|Any CPU.ActiveCfg = Release|Any CPU
		{0E9C42C5-5F1A-4414-A807-B2BDC21B629E}.Release|Any CPU.Build.0 = Release|Any CPU
		{07455F3D-55C6-4413-8050-FA2B7C9BDC2E}.Debug|Any CPU.ActiveCfg = Debug|Any CPU
		{07455F3D-55C6-4413-8050-FA2B7C9BDC2E}.Debug|Any CPU.Build.0 = Debug|Any CPU
		{07455F3D-55C6-4413-8050-FA2B7C9BDC2E}.Release|Any CPU.ActiveCfg = Release|Any CPU
		{07455F3D-55C6-4413-8050-FA2B7C9BDC2E}.Release|Any CPU.Build.0 = Release|Any CPU
		{1939E0BB-424C-4FF0-8A47-D3E432227E4B}.Debug|Any CPU.ActiveCfg = Debug|Any CPU
		{1939E0BB-424C-4FF0-8A47-D3E432227E4B}.Debug|Any CPU.Build.0 = Debug|Any CPU
		{1939E0BB-424C-4FF0-8A47-D3E432227E4B}.Release|Any CPU.ActiveCfg = Release|Any CPU
		{1939E0BB-424C-4FF0-8A47-D3E432227E4B}.Release|Any CPU.Build.0 = Release|Any CPU
	EndGlobalSection
	GlobalSection(SolutionProperties) = preSolution
		HideSolutionNode = FALSE
	EndGlobalSection
EndGlobal
